// !$*UTF8*$!
{
	archiveVersion = 1;
	classes = {
	};
	objectVersion = 46;
	objects = {

/* Begin PBXBuildFile section */
		0080E4271EEE9194001684E2 /* UIColor+Extension.swift in Sources */ = {isa = PBXBuildFile; fileRef = 0080E4261EEE9194001684E2 /* UIColor+Extension.swift */; };
		A62F88801D9907B90094430A /* NSObject+JudgeNull.m in Sources */ = {isa = PBXBuildFile; fileRef = A62F887F1D9907B90094430A /* NSObject+JudgeNull.m */; };
		A63586541DE98C4E000FD636 /* Foundation+Log.m in Sources */ = {isa = PBXBuildFile; fileRef = A63586341DE98C4E000FD636 /* Foundation+Log.m */; };
		A63586551DE98C4E000FD636 /* NSDate+Extension.m in Sources */ = {isa = PBXBuildFile; fileRef = A63586371DE98C4E000FD636 /* NSDate+Extension.m */; };
		A63586561DE98C4E000FD636 /* NSString+BXExtension.m in Sources */ = {isa = PBXBuildFile; fileRef = A63586391DE98C4E000FD636 /* NSString+BXExtension.m */; };
		A63586571DE98C4E000FD636 /* UIApplication+Extensions.m in Sources */ = {isa = PBXBuildFile; fileRef = A635863B1DE98C4E000FD636 /* UIApplication+Extensions.m */; };
		A63586581DE98C4E000FD636 /* UIBarButtonItem+Extension.m in Sources */ = {isa = PBXBuildFile; fileRef = A635863D1DE98C4E000FD636 /* UIBarButtonItem+Extension.m */; };
		A63586591DE98C4E000FD636 /* UIButton+Extension.m in Sources */ = {isa = PBXBuildFile; fileRef = A635863F1DE98C4E000FD636 /* UIButton+Extension.m */; };
		A635865A1DE98C4E000FD636 /* UIDevice+DeviceType.m in Sources */ = {isa = PBXBuildFile; fileRef = A63586411DE98C4E000FD636 /* UIDevice+DeviceType.m */; };
		A635865B1DE98C4E000FD636 /* UIFont+Extension.m in Sources */ = {isa = PBXBuildFile; fileRef = A63586431DE98C4E000FD636 /* UIFont+Extension.m */; };
		A635865C1DE98C4E000FD636 /* UIImage+Extension.m in Sources */ = {isa = PBXBuildFile; fileRef = A63586451DE98C4E000FD636 /* UIImage+Extension.m */; };
		A635865D1DE98C4E000FD636 /* UIImage+ScreenShot.m in Sources */ = {isa = PBXBuildFile; fileRef = A63586471DE98C4E000FD636 /* UIImage+ScreenShot.m */; };
		A635865E1DE98C4E000FD636 /* UIImageView+BXExtension.m in Sources */ = {isa = PBXBuildFile; fileRef = A63586491DE98C4E000FD636 /* UIImageView+BXExtension.m */; };
		A635865F1DE98C4E000FD636 /* UILabel+Extension.m in Sources */ = {isa = PBXBuildFile; fileRef = A635864B1DE98C4E000FD636 /* UILabel+Extension.m */; };
		A63586601DE98C4E000FD636 /* UIScreen+Extension.m in Sources */ = {isa = PBXBuildFile; fileRef = A635864D1DE98C4E000FD636 /* UIScreen+Extension.m */; };
		A63586611DE98C4E000FD636 /* UIView+Extension.m in Sources */ = {isa = PBXBuildFile; fileRef = A635864F1DE98C4E000FD636 /* UIView+Extension.m */; };
		A63586621DE98C4E000FD636 /* UIView+IBExtension.m in Sources */ = {isa = PBXBuildFile; fileRef = A63586511DE98C4E000FD636 /* UIView+IBExtension.m */; };
		A63586631DE98C4E000FD636 /* UIView+Runtime.m in Sources */ = {isa = PBXBuildFile; fileRef = A63586531DE98C4E000FD636 /* UIView+Runtime.m */; };
		A6557EE01DB9FE58006B1DEA /* GRJudgeVPN.m in Sources */ = {isa = PBXBuildFile; fileRef = A6557EDF1DB9FE58006B1DEA /* GRJudgeVPN.m */; };
		A69EF6711D93D3E700DDF4BF /* main.m in Sources */ = {isa = PBXBuildFile; fileRef = A69EF6701D93D3E700DDF4BF /* main.m */; };
		A69EF6741D93D3E700DDF4BF /* AppDelegate.m in Sources */ = {isa = PBXBuildFile; fileRef = A69EF6731D93D3E700DDF4BF /* AppDelegate.m */; };
		A69EF6771D93D3E700DDF4BF /* ViewController.m in Sources */ = {isa = PBXBuildFile; fileRef = A69EF6761D93D3E700DDF4BF /* ViewController.m */; };
		A69EF67A1D93D3E700DDF4BF /* Main.storyboard in Resources */ = {isa = PBXBuildFile; fileRef = A69EF6781D93D3E700DDF4BF /* Main.storyboard */; };
		A69EF67C1D93D3E700DDF4BF /* Assets.xcassets in Resources */ = {isa = PBXBuildFile; fileRef = A69EF67B1D93D3E700DDF4BF /* Assets.xcassets */; };
		A69EF67F1D93D3E700DDF4BF /* LaunchScreen.storyboard in Resources */ = {isa = PBXBuildFile; fileRef = A69EF67D1D93D3E700DDF4BF /* LaunchScreen.storyboard */; };
		A69EF68A1D93D3E700DDF4BF /* GRObject_C_ownerTests.m in Sources */ = {isa = PBXBuildFile; fileRef = A69EF6891D93D3E700DDF4BF /* GRObject_C_ownerTests.m */; };
		A69EF6951D93D3E800DDF4BF /* GRObject_C_ownerUITests.m in Sources */ = {isa = PBXBuildFile; fileRef = A69EF6941D93D3E800DDF4BF /* GRObject_C_ownerUITests.m */; };
		A69EF6AE1D94C8C600DDF4BF /* GRLogger.m in Sources */ = {isa = PBXBuildFile; fileRef = A69EF6AD1D94C8C600DDF4BF /* GRLogger.m */; };
		A69EF6B11D94C94600DDF4BF /* SystemInfo.m in Sources */ = {isa = PBXBuildFile; fileRef = A69EF6B01D94C94600DDF4BF /* SystemInfo.m */; };
		A69EF6B41D94D25000DDF4BF /* UIImage+Extension.m in Sources */ = {isa = PBXBuildFile; fileRef = A69EF6B31D94D25000DDF4BF /* UIImage+Extension.m */; };
		A6CD986E1D9504720062D379 /* CryptorTools.m in Sources */ = {isa = PBXBuildFile; fileRef = A6CD98691D9504720062D379 /* CryptorTools.m */; };
		A6CD986F1D9504720062D379 /* p.p12 in Resources */ = {isa = PBXBuildFile; fileRef = A6CD986A1D9504720062D379 /* p.p12 */; };
		A6CD98701D9504720062D379 /* RSA.m in Sources */ = {isa = PBXBuildFile; fileRef = A6CD986C1D9504720062D379 /* RSA.m */; };
		A6CD98711D9504720062D379 /* rsacert.der in Resources */ = {isa = PBXBuildFile; fileRef = A6CD986D1D9504720062D379 /* rsacert.der */; };
		A6CD987C1D9508ED0062D379 /* NSDate+Extension.m in Sources */ = {isa = PBXBuildFile; fileRef = A6CD98731D9508ED0062D379 /* NSDate+Extension.m */; };
		A6CD987D1D9508ED0062D379 /* NSString+Extension.m in Sources */ = {isa = PBXBuildFile; fileRef = A6CD98751D9508ED0062D379 /* NSString+Extension.m */; };
		A6CD987E1D9508ED0062D379 /* UIBarButtonItem+Extension.m in Sources */ = {isa = PBXBuildFile; fileRef = A6CD98771D9508ED0062D379 /* UIBarButtonItem+Extension.m */; };
		A6CD987F1D9508ED0062D379 /* UIButton+Extension.m in Sources */ = {isa = PBXBuildFile; fileRef = A6CD98791D9508ED0062D379 /* UIButton+Extension.m */; };
		A6CD98801D9508ED0062D379 /* UIColor+Extension.m in Sources */ = {isa = PBXBuildFile; fileRef = A6CD987B1D9508ED0062D379 /* UIColor+Extension.m */; };
		A6CD98891D9509020062D379 /* UIImageView+Extension.m in Sources */ = {isa = PBXBuildFile; fileRef = A6CD98821D9509020062D379 /* UIImageView+Extension.m */; };
		A6CD988A1D9509020062D379 /* UILabel+Extension.m in Sources */ = {isa = PBXBuildFile; fileRef = A6CD98841D9509020062D379 /* UILabel+Extension.m */; };
		A6CD988B1D9509020062D379 /* UIView+Extension.m in Sources */ = {isa = PBXBuildFile; fileRef = A6CD98861D9509020062D379 /* UIView+Extension.m */; };
		A6CD988C1D9509020062D379 /* UIView+gesture.m in Sources */ = {isa = PBXBuildFile; fileRef = A6CD98881D9509020062D379 /* UIView+gesture.m */; };
		A6CD98931D9509E10062D379 /* LZContactsDataHelper.m in Sources */ = {isa = PBXBuildFile; fileRef = A6CD988E1D9509E10062D379 /* LZContactsDataHelper.m */; };
		A6CD98941D9509E10062D379 /* LZDataBaseTool.m in Sources */ = {isa = PBXBuildFile; fileRef = A6CD98901D9509E10062D379 /* LZDataBaseTool.m */; };
		A6CD98951D9509E10062D379 /* LZTimeTool.m in Sources */ = {isa = PBXBuildFile; fileRef = A6CD98921D9509E10062D379 /* LZTimeTool.m */; };
/* End PBXBuildFile section */

/* Begin PBXContainerItemProxy section */
		A69EF6861D93D3E700DDF4BF /* PBXContainerItemProxy */ = {
			isa = PBXContainerItemProxy;
			containerPortal = A69EF6641D93D3E700DDF4BF /* Project object */;
			proxyType = 1;
			remoteGlobalIDString = A69EF66B1D93D3E700DDF4BF;
			remoteInfo = "GRObject-C-owner";
		};
		A69EF6911D93D3E800DDF4BF /* PBXContainerItemProxy */ = {
			isa = PBXContainerItemProxy;
			containerPortal = A69EF6641D93D3E700DDF4BF /* Project object */;
			proxyType = 1;
			remoteGlobalIDString = A69EF66B1D93D3E700DDF4BF;
			remoteInfo = "GRObject-C-owner";
		};
/* End PBXContainerItemProxy section */

/* Begin PBXFileReference section */
		0080E4251EEE9193001684E2 /* GRObject-C-owner-Bridging-Header.h */ = {isa = PBXFileReference; lastKnownFileType = sourcecode.c.h; name = "GRObject-C-owner-Bridging-Header.h"; path = "Category/GRObject-C-owner-Bridging-Header.h"; sourceTree = "<group>"; };
		0080E4261EEE9194001684E2 /* UIColor+Extension.swift */ = {isa = PBXFileReference; fileEncoding = 4; lastKnownFileType = sourcecode.swift; path = "UIColor+Extension.swift"; sourceTree = "<group>"; };
		A62F887E1D9907B90094430A /* NSObject+JudgeNull.h */ = {isa = PBXFileReference; fileEncoding = 4; lastKnownFileType = sourcecode.c.h; path = "NSObject+JudgeNull.h"; sourceTree = "<group>"; };
		A62F887F1D9907B90094430A /* NSObject+JudgeNull.m */ = {isa = PBXFileReference; fileEncoding = 4; lastKnownFileType = sourcecode.c.objc; path = "NSObject+JudgeNull.m"; sourceTree = "<group>"; };
		A63586341DE98C4E000FD636 /* Foundation+Log.m */ = {isa = PBXFileReference; fileEncoding = 4; lastKnownFileType = sourcecode.c.objc; path = "Foundation+Log.m"; sourceTree = "<group>"; };
		A63586351DE98C4E000FD636 /* JYJExtensions.h */ = {isa = PBXFileReference; fileEncoding = 4; lastKnownFileType = sourcecode.c.h; path = JYJExtensions.h; sourceTree = "<group>"; };
		A63586361DE98C4E000FD636 /* NSDate+Extension.h */ = {isa = PBXFileReference; fileEncoding = 4; lastKnownFileType = sourcecode.c.h; path = "NSDate+Extension.h"; sourceTree = "<group>"; };
		A63586371DE98C4E000FD636 /* NSDate+Extension.m */ = {isa = PBXFileReference; fileEncoding = 4; lastKnownFileType = sourcecode.c.objc; path = "NSDate+Extension.m"; sourceTree = "<group>"; };
		A63586381DE98C4E000FD636 /* NSString+BXExtension.h */ = {isa = PBXFileReference; fileEncoding = 4; lastKnownFileType = sourcecode.c.h; path = "NSString+BXExtension.h"; sourceTree = "<group>"; };
		A63586391DE98C4E000FD636 /* NSString+BXExtension.m */ = {isa = PBXFileReference; fileEncoding = 4; lastKnownFileType = sourcecode.c.objc; path = "NSString+BXExtension.m"; sourceTree = "<group>"; };
		A635863A1DE98C4E000FD636 /* UIApplication+Extensions.h */ = {isa = PBXFileReference; fileEncoding = 4; lastKnownFileType = sourcecode.c.h; path = "UIApplication+Extensions.h"; sourceTree = "<group>"; };
		A635863B1DE98C4E000FD636 /* UIApplication+Extensions.m */ = {isa = PBXFileReference; fileEncoding = 4; lastKnownFileType = sourcecode.c.objc; path = "UIApplication+Extensions.m"; sourceTree = "<group>"; };
		A635863C1DE98C4E000FD636 /* UIBarButtonItem+Extension.h */ = {isa = PBXFileReference; fileEncoding = 4; lastKnownFileType = sourcecode.c.h; path = "UIBarButtonItem+Extension.h"; sourceTree = "<group>"; };
		A635863D1DE98C4E000FD636 /* UIBarButtonItem+Extension.m */ = {isa = PBXFileReference; fileEncoding = 4; lastKnownFileType = sourcecode.c.objc; path = "UIBarButtonItem+Extension.m"; sourceTree = "<group>"; };
		A635863E1DE98C4E000FD636 /* UIButton+Extension.h */ = {isa = PBXFileReference; fileEncoding = 4; lastKnownFileType = sourcecode.c.h; path = "UIButton+Extension.h"; sourceTree = "<group>"; };
		A635863F1DE98C4E000FD636 /* UIButton+Extension.m */ = {isa = PBXFileReference; fileEncoding = 4; lastKnownFileType = sourcecode.c.objc; path = "UIButton+Extension.m"; sourceTree = "<group>"; };
		A63586401DE98C4E000FD636 /* UIDevice+DeviceType.h */ = {isa = PBXFileReference; fileEncoding = 4; lastKnownFileType = sourcecode.c.h; path = "UIDevice+DeviceType.h"; sourceTree = "<group>"; };
		A63586411DE98C4E000FD636 /* UIDevice+DeviceType.m */ = {isa = PBXFileReference; fileEncoding = 4; lastKnownFileType = sourcecode.c.objc; path = "UIDevice+DeviceType.m"; sourceTree = "<group>"; };
		A63586421DE98C4E000FD636 /* UIFont+Extension.h */ = {isa = PBXFileReference; fileEncoding = 4; lastKnownFileType = sourcecode.c.h; path = "UIFont+Extension.h"; sourceTree = "<group>"; };
		A63586431DE98C4E000FD636 /* UIFont+Extension.m */ = {isa = PBXFileReference; fileEncoding = 4; lastKnownFileType = sourcecode.c.objc; path = "UIFont+Extension.m"; sourceTree = "<group>"; };
		A63586441DE98C4E000FD636 /* UIImage+Extension.h */ = {isa = PBXFileReference; fileEncoding = 4; lastKnownFileType = sourcecode.c.h; path = "UIImage+Extension.h"; sourceTree = "<group>"; };
		A63586451DE98C4E000FD636 /* UIImage+Extension.m */ = {isa = PBXFileReference; fileEncoding = 4; lastKnownFileType = sourcecode.c.objc; path = "UIImage+Extension.m"; sourceTree = "<group>"; };
		A63586461DE98C4E000FD636 /* UIImage+ScreenShot.h */ = {isa = PBXFileReference; fileEncoding = 4; lastKnownFileType = sourcecode.c.h; path = "UIImage+ScreenShot.h"; sourceTree = "<group>"; };
		A63586471DE98C4E000FD636 /* UIImage+ScreenShot.m */ = {isa = PBXFileReference; fileEncoding = 4; lastKnownFileType = sourcecode.c.objc; path = "UIImage+ScreenShot.m"; sourceTree = "<group>"; };
		A63586481DE98C4E000FD636 /* UIImageView+BXExtension.h */ = {isa = PBXFileReference; fileEncoding = 4; lastKnownFileType = sourcecode.c.h; path = "UIImageView+BXExtension.h"; sourceTree = "<group>"; };
		A63586491DE98C4E000FD636 /* UIImageView+BXExtension.m */ = {isa = PBXFileReference; fileEncoding = 4; lastKnownFileType = sourcecode.c.objc; path = "UIImageView+BXExtension.m"; sourceTree = "<group>"; };
		A635864A1DE98C4E000FD636 /* UILabel+Extension.h */ = {isa = PBXFileReference; fileEncoding = 4; lastKnownFileType = sourcecode.c.h; path = "UILabel+Extension.h"; sourceTree = "<group>"; };
		A635864B1DE98C4E000FD636 /* UILabel+Extension.m */ = {isa = PBXFileReference; fileEncoding = 4; lastKnownFileType = sourcecode.c.objc; path = "UILabel+Extension.m"; sourceTree = "<group>"; };
		A635864C1DE98C4E000FD636 /* UIScreen+Extension.h */ = {isa = PBXFileReference; fileEncoding = 4; lastKnownFileType = sourcecode.c.h; path = "UIScreen+Extension.h"; sourceTree = "<group>"; };
		A635864D1DE98C4E000FD636 /* UIScreen+Extension.m */ = {isa = PBXFileReference; fileEncoding = 4; lastKnownFileType = sourcecode.c.objc; path = "UIScreen+Extension.m"; sourceTree = "<group>"; };
		A635864E1DE98C4E000FD636 /* UIView+Extension.h */ = {isa = PBXFileReference; fileEncoding = 4; lastKnownFileType = sourcecode.c.h; path = "UIView+Extension.h"; sourceTree = "<group>"; };
		A635864F1DE98C4E000FD636 /* UIView+Extension.m */ = {isa = PBXFileReference; fileEncoding = 4; lastKnownFileType = sourcecode.c.objc; path = "UIView+Extension.m"; sourceTree = "<group>"; };
		A63586501DE98C4E000FD636 /* UIView+IBExtension.h */ = {isa = PBXFileReference; fileEncoding = 4; lastKnownFileType = sourcecode.c.h; path = "UIView+IBExtension.h"; sourceTree = "<group>"; };
		A63586511DE98C4E000FD636 /* UIView+IBExtension.m */ = {isa = PBXFileReference; fileEncoding = 4; lastKnownFileType = sourcecode.c.objc; path = "UIView+IBExtension.m"; sourceTree = "<group>"; };
		A63586521DE98C4E000FD636 /* UIView+Runtime.h */ = {isa = PBXFileReference; fileEncoding = 4; lastKnownFileType = sourcecode.c.h; path = "UIView+Runtime.h"; sourceTree = "<group>"; };
		A63586531DE98C4E000FD636 /* UIView+Runtime.m */ = {isa = PBXFileReference; fileEncoding = 4; lastKnownFileType = sourcecode.c.objc; path = "UIView+Runtime.m"; sourceTree = "<group>"; };
		A6557EDE1DB9FE58006B1DEA /* GRJudgeVPN.h */ = {isa = PBXFileReference; fileEncoding = 4; lastKnownFileType = sourcecode.c.h; path = GRJudgeVPN.h; sourceTree = "<group>"; };
		A6557EDF1DB9FE58006B1DEA /* GRJudgeVPN.m */ = {isa = PBXFileReference; fileEncoding = 4; lastKnownFileType = sourcecode.c.objc; path = GRJudgeVPN.m; sourceTree = "<group>"; };
		A69EF66C1D93D3E700DDF4BF /* GRObject-C-owner.app */ = {isa = PBXFileReference; explicitFileType = wrapper.application; includeInIndex = 0; path = "GRObject-C-owner.app"; sourceTree = BUILT_PRODUCTS_DIR; };
		A69EF6701D93D3E700DDF4BF /* main.m */ = {isa = PBXFileReference; lastKnownFileType = sourcecode.c.objc; path = main.m; sourceTree = "<group>"; };
		A69EF6721D93D3E700DDF4BF /* AppDelegate.h */ = {isa = PBXFileReference; lastKnownFileType = sourcecode.c.h; path = AppDelegate.h; sourceTree = "<group>"; };
		A69EF6731D93D3E700DDF4BF /* AppDelegate.m */ = {isa = PBXFileReference; lastKnownFileType = sourcecode.c.objc; path = AppDelegate.m; sourceTree = "<group>"; };
		A69EF6751D93D3E700DDF4BF /* ViewController.h */ = {isa = PBXFileReference; lastKnownFileType = sourcecode.c.h; path = ViewController.h; sourceTree = "<group>"; };
		A69EF6761D93D3E700DDF4BF /* ViewController.m */ = {isa = PBXFileReference; lastKnownFileType = sourcecode.c.objc; path = ViewController.m; sourceTree = "<group>"; };
		A69EF6791D93D3E700DDF4BF /* Base */ = {isa = PBXFileReference; lastKnownFileType = file.storyboard; name = Base; path = Base.lproj/Main.storyboard; sourceTree = "<group>"; };
		A69EF67B1D93D3E700DDF4BF /* Assets.xcassets */ = {isa = PBXFileReference; lastKnownFileType = folder.assetcatalog; path = Assets.xcassets; sourceTree = "<group>"; };
		A69EF67E1D93D3E700DDF4BF /* Base */ = {isa = PBXFileReference; lastKnownFileType = file.storyboard; name = Base; path = Base.lproj/LaunchScreen.storyboard; sourceTree = "<group>"; };
		A69EF6801D93D3E700DDF4BF /* Info.plist */ = {isa = PBXFileReference; lastKnownFileType = text.plist.xml; path = Info.plist; sourceTree = "<group>"; };
		A69EF6851D93D3E700DDF4BF /* GRObject-C-ownerTests.xctest */ = {isa = PBXFileReference; explicitFileType = wrapper.cfbundle; includeInIndex = 0; path = "GRObject-C-ownerTests.xctest"; sourceTree = BUILT_PRODUCTS_DIR; };
		A69EF6891D93D3E700DDF4BF /* GRObject_C_ownerTests.m */ = {isa = PBXFileReference; lastKnownFileType = sourcecode.c.objc; path = GRObject_C_ownerTests.m; sourceTree = "<group>"; };
		A69EF68B1D93D3E700DDF4BF /* Info.plist */ = {isa = PBXFileReference; lastKnownFileType = text.plist.xml; path = Info.plist; sourceTree = "<group>"; };
		A69EF6901D93D3E800DDF4BF /* GRObject-C-ownerUITests.xctest */ = {isa = PBXFileReference; explicitFileType = wrapper.cfbundle; includeInIndex = 0; path = "GRObject-C-ownerUITests.xctest"; sourceTree = BUILT_PRODUCTS_DIR; };
		A69EF6941D93D3E800DDF4BF /* GRObject_C_ownerUITests.m */ = {isa = PBXFileReference; lastKnownFileType = sourcecode.c.objc; path = GRObject_C_ownerUITests.m; sourceTree = "<group>"; };
		A69EF6961D93D3E800DDF4BF /* Info.plist */ = {isa = PBXFileReference; lastKnownFileType = text.plist.xml; path = Info.plist; sourceTree = "<group>"; };
		A69EF6AB1D94C78300DDF4BF /* PrefixHeader.pch */ = {isa = PBXFileReference; lastKnownFileType = sourcecode.c.h; path = PrefixHeader.pch; sourceTree = "<group>"; };
		A69EF6AC1D94C8C600DDF4BF /* GRLogger.h */ = {isa = PBXFileReference; fileEncoding = 4; lastKnownFileType = sourcecode.c.h; path = GRLogger.h; sourceTree = "<group>"; };
		A69EF6AD1D94C8C600DDF4BF /* GRLogger.m */ = {isa = PBXFileReference; fileEncoding = 4; lastKnownFileType = sourcecode.c.objc; path = GRLogger.m; sourceTree = "<group>"; };
		A69EF6AF1D94C94600DDF4BF /* SystemInfo.h */ = {isa = PBXFileReference; fileEncoding = 4; lastKnownFileType = sourcecode.c.h; path = SystemInfo.h; sourceTree = "<group>"; };
		A69EF6B01D94C94600DDF4BF /* SystemInfo.m */ = {isa = PBXFileReference; fileEncoding = 4; lastKnownFileType = sourcecode.c.objc; path = SystemInfo.m; sourceTree = "<group>"; };
		A69EF6B21D94D25000DDF4BF /* UIImage+Extension.h */ = {isa = PBXFileReference; fileEncoding = 4; lastKnownFileType = sourcecode.c.h; path = "UIImage+Extension.h"; sourceTree = "<group>"; };
		A69EF6B31D94D25000DDF4BF /* UIImage+Extension.m */ = {isa = PBXFileReference; fileEncoding = 4; lastKnownFileType = sourcecode.c.objc; path = "UIImage+Extension.m"; sourceTree = "<group>"; };
		A6CD98681D9504720062D379 /* CryptorTools.h */ = {isa = PBXFileReference; fileEncoding = 4; lastKnownFileType = sourcecode.c.h; path = CryptorTools.h; sourceTree = "<group>"; };
		A6CD98691D9504720062D379 /* CryptorTools.m */ = {isa = PBXFileReference; fileEncoding = 4; lastKnownFileType = sourcecode.c.objc; path = CryptorTools.m; sourceTree = "<group>"; };
		A6CD986A1D9504720062D379 /* p.p12 */ = {isa = PBXFileReference; lastKnownFileType = file; path = p.p12; sourceTree = "<group>"; };
		A6CD986B1D9504720062D379 /* RSA.h */ = {isa = PBXFileReference; fileEncoding = 4; lastKnownFileType = sourcecode.c.h; path = RSA.h; sourceTree = "<group>"; };
		A6CD986C1D9504720062D379 /* RSA.m */ = {isa = PBXFileReference; fileEncoding = 4; lastKnownFileType = sourcecode.c.objc; path = RSA.m; sourceTree = "<group>"; };
		A6CD986D1D9504720062D379 /* rsacert.der */ = {isa = PBXFileReference; lastKnownFileType = file; path = rsacert.der; sourceTree = "<group>"; };
		A6CD98721D9508ED0062D379 /* NSDate+Extension.h */ = {isa = PBXFileReference; fileEncoding = 4; lastKnownFileType = sourcecode.c.h; path = "NSDate+Extension.h"; sourceTree = "<group>"; };
		A6CD98731D9508ED0062D379 /* NSDate+Extension.m */ = {isa = PBXFileReference; fileEncoding = 4; lastKnownFileType = sourcecode.c.objc; path = "NSDate+Extension.m"; sourceTree = "<group>"; };
		A6CD98741D9508ED0062D379 /* NSString+Extension.h */ = {isa = PBXFileReference; fileEncoding = 4; lastKnownFileType = sourcecode.c.h; path = "NSString+Extension.h"; sourceTree = "<group>"; };
		A6CD98751D9508ED0062D379 /* NSString+Extension.m */ = {isa = PBXFileReference; fileEncoding = 4; lastKnownFileType = sourcecode.c.objc; path = "NSString+Extension.m"; sourceTree = "<group>"; };
		A6CD98761D9508ED0062D379 /* UIBarButtonItem+Extension.h */ = {isa = PBXFileReference; fileEncoding = 4; lastKnownFileType = sourcecode.c.h; path = "UIBarButtonItem+Extension.h"; sourceTree = "<group>"; };
		A6CD98771D9508ED0062D379 /* UIBarButtonItem+Extension.m */ = {isa = PBXFileReference; fileEncoding = 4; lastKnownFileType = sourcecode.c.objc; path = "UIBarButtonItem+Extension.m"; sourceTree = "<group>"; };
		A6CD98781D9508ED0062D379 /* UIButton+Extension.h */ = {isa = PBXFileReference; fileEncoding = 4; lastKnownFileType = sourcecode.c.h; path = "UIButton+Extension.h"; sourceTree = "<group>"; };
		A6CD98791D9508ED0062D379 /* UIButton+Extension.m */ = {isa = PBXFileReference; fileEncoding = 4; lastKnownFileType = sourcecode.c.objc; path = "UIButton+Extension.m"; sourceTree = "<group>"; };
		A6CD987A1D9508ED0062D379 /* UIColor+Extension.h */ = {isa = PBXFileReference; fileEncoding = 4; lastKnownFileType = sourcecode.c.h; path = "UIColor+Extension.h"; sourceTree = "<group>"; };
		A6CD987B1D9508ED0062D379 /* UIColor+Extension.m */ = {isa = PBXFileReference; fileEncoding = 4; lastKnownFileType = sourcecode.c.objc; path = "UIColor+Extension.m"; sourceTree = "<group>"; };
		A6CD98811D9509020062D379 /* UIImageView+Extension.h */ = {isa = PBXFileReference; fileEncoding = 4; lastKnownFileType = sourcecode.c.h; path = "UIImageView+Extension.h"; sourceTree = "<group>"; };
		A6CD98821D9509020062D379 /* UIImageView+Extension.m */ = {isa = PBXFileReference; fileEncoding = 4; lastKnownFileType = sourcecode.c.objc; path = "UIImageView+Extension.m"; sourceTree = "<group>"; };
		A6CD98831D9509020062D379 /* UILabel+Extension.h */ = {isa = PBXFileReference; fileEncoding = 4; lastKnownFileType = sourcecode.c.h; path = "UILabel+Extension.h"; sourceTree = "<group>"; };
		A6CD98841D9509020062D379 /* UILabel+Extension.m */ = {isa = PBXFileReference; fileEncoding = 4; lastKnownFileType = sourcecode.c.objc; path = "UILabel+Extension.m"; sourceTree = "<group>"; };
		A6CD98851D9509020062D379 /* UIView+Extension.h */ = {isa = PBXFileReference; fileEncoding = 4; lastKnownFileType = sourcecode.c.h; path = "UIView+Extension.h"; sourceTree = "<group>"; };
		A6CD98861D9509020062D379 /* UIView+Extension.m */ = {isa = PBXFileReference; fileEncoding = 4; lastKnownFileType = sourcecode.c.objc; path = "UIView+Extension.m"; sourceTree = "<group>"; };
		A6CD98871D9509020062D379 /* UIView+gesture.h */ = {isa = PBXFileReference; fileEncoding = 4; lastKnownFileType = sourcecode.c.h; path = "UIView+gesture.h"; sourceTree = "<group>"; };
		A6CD98881D9509020062D379 /* UIView+gesture.m */ = {isa = PBXFileReference; fileEncoding = 4; lastKnownFileType = sourcecode.c.objc; path = "UIView+gesture.m"; sourceTree = "<group>"; };
		A6CD988D1D9509E10062D379 /* LZContactsDataHelper.h */ = {isa = PBXFileReference; fileEncoding = 4; lastKnownFileType = sourcecode.c.h; path = LZContactsDataHelper.h; sourceTree = "<group>"; };
		A6CD988E1D9509E10062D379 /* LZContactsDataHelper.m */ = {isa = PBXFileReference; fileEncoding = 4; lastKnownFileType = sourcecode.c.objc; path = LZContactsDataHelper.m; sourceTree = "<group>"; };
		A6CD988F1D9509E10062D379 /* LZDataBaseTool.h */ = {isa = PBXFileReference; fileEncoding = 4; lastKnownFileType = sourcecode.c.h; path = LZDataBaseTool.h; sourceTree = "<group>"; };
		A6CD98901D9509E10062D379 /* LZDataBaseTool.m */ = {isa = PBXFileReference; fileEncoding = 4; lastKnownFileType = sourcecode.c.objc; path = LZDataBaseTool.m; sourceTree = "<group>"; };
		A6CD98911D9509E10062D379 /* LZTimeTool.h */ = {isa = PBXFileReference; fileEncoding = 4; lastKnownFileType = sourcecode.c.h; path = LZTimeTool.h; sourceTree = "<group>"; };
		A6CD98921D9509E10062D379 /* LZTimeTool.m */ = {isa = PBXFileReference; fileEncoding = 4; lastKnownFileType = sourcecode.c.objc; path = LZTimeTool.m; sourceTree = "<group>"; };
/* End PBXFileReference section */

/* Begin PBXFrameworksBuildPhase section */
		A69EF6691D93D3E700DDF4BF /* Frameworks */ = {
			isa = PBXFrameworksBuildPhase;
			buildActionMask = 2147483647;
			files = (
			);
			runOnlyForDeploymentPostprocessing = 0;
		};
		A69EF6821D93D3E700DDF4BF /* Frameworks */ = {
			isa = PBXFrameworksBuildPhase;
			buildActionMask = 2147483647;
			files = (
			);
			runOnlyForDeploymentPostprocessing = 0;
		};
		A69EF68D1D93D3E800DDF4BF /* Frameworks */ = {
			isa = PBXFrameworksBuildPhase;
			buildActionMask = 2147483647;
			files = (
			);
			runOnlyForDeploymentPostprocessing = 0;
		};
/* End PBXFrameworksBuildPhase section */

/* Begin PBXGroup section */
		0080E4241EEE90E5001684E2 /* Swift extension */ = {
			isa = PBXGroup;
			children = (
				0080E4261EEE9194001684E2 /* UIColor+Extension.swift */,
			);
			name = "Swift extension";
			sourceTree = "<group>";
		};
		A63586331DE98C4E000FD636 /* Category */ = {
			isa = PBXGroup;
			children = (
				A63586341DE98C4E000FD636 /* Foundation+Log.m */,
				A63586351DE98C4E000FD636 /* JYJExtensions.h */,
				A63586361DE98C4E000FD636 /* NSDate+Extension.h */,
				A63586371DE98C4E000FD636 /* NSDate+Extension.m */,
				A63586381DE98C4E000FD636 /* NSString+BXExtension.h */,
				A63586391DE98C4E000FD636 /* NSString+BXExtension.m */,
				A635863A1DE98C4E000FD636 /* UIApplication+Extensions.h */,
				A635863B1DE98C4E000FD636 /* UIApplication+Extensions.m */,
				A635863C1DE98C4E000FD636 /* UIBarButtonItem+Extension.h */,
				A635863D1DE98C4E000FD636 /* UIBarButtonItem+Extension.m */,
				A635863E1DE98C4E000FD636 /* UIButton+Extension.h */,
				A635863F1DE98C4E000FD636 /* UIButton+Extension.m */,
				A63586401DE98C4E000FD636 /* UIDevice+DeviceType.h */,
				A63586411DE98C4E000FD636 /* UIDevice+DeviceType.m */,
				A63586421DE98C4E000FD636 /* UIFont+Extension.h */,
				A63586431DE98C4E000FD636 /* UIFont+Extension.m */,
				A63586441DE98C4E000FD636 /* UIImage+Extension.h */,
				A63586451DE98C4E000FD636 /* UIImage+Extension.m */,
				A63586461DE98C4E000FD636 /* UIImage+ScreenShot.h */,
				A63586471DE98C4E000FD636 /* UIImage+ScreenShot.m */,
				A63586481DE98C4E000FD636 /* UIImageView+BXExtension.h */,
				A63586491DE98C4E000FD636 /* UIImageView+BXExtension.m */,
				A635864A1DE98C4E000FD636 /* UILabel+Extension.h */,
				A635864B1DE98C4E000FD636 /* UILabel+Extension.m */,
				A635864C1DE98C4E000FD636 /* UIScreen+Extension.h */,
				A635864D1DE98C4E000FD636 /* UIScreen+Extension.m */,
				A635864E1DE98C4E000FD636 /* UIView+Extension.h */,
				A635864F1DE98C4E000FD636 /* UIView+Extension.m */,
				A63586501DE98C4E000FD636 /* UIView+IBExtension.h */,
				A63586511DE98C4E000FD636 /* UIView+IBExtension.m */,
				A63586521DE98C4E000FD636 /* UIView+Runtime.h */,
				A63586531DE98C4E000FD636 /* UIView+Runtime.m */,
			);
			path = Category;
			sourceTree = "<group>";
		};
		A69EF6631D93D3E700DDF4BF = {
			isa = PBXGroup;
			children = (
				A69EF66E1D93D3E700DDF4BF /* GRObject-C-owner */,
				A69EF6881D93D3E700DDF4BF /* GRObject-C-ownerTests */,
				A69EF6931D93D3E800DDF4BF /* GRObject-C-ownerUITests */,
				A69EF66D1D93D3E700DDF4BF /* Products */,
			);
			sourceTree = "<group>";
		};
		A69EF66D1D93D3E700DDF4BF /* Products */ = {
			isa = PBXGroup;
			children = (
				A69EF66C1D93D3E700DDF4BF /* GRObject-C-owner.app */,
				A69EF6851D93D3E700DDF4BF /* GRObject-C-ownerTests.xctest */,
				A69EF6901D93D3E800DDF4BF /* GRObject-C-ownerUITests.xctest */,
			);
			name = Products;
			sourceTree = "<group>";
		};
		A69EF66E1D93D3E700DDF4BF /* GRObject-C-owner */ = {
			isa = PBXGroup;
			children = (
				0080E4251EEE9193001684E2 /* GRObject-C-owner-Bridging-Header.h */,
				A69EF6721D93D3E700DDF4BF /* AppDelegate.h */,
				A69EF6731D93D3E700DDF4BF /* AppDelegate.m */,
				A69EF6751D93D3E700DDF4BF /* ViewController.h */,
				A69EF6761D93D3E700DDF4BF /* ViewController.m */,
				A69EF6AB1D94C78300DDF4BF /* PrefixHeader.pch */,
				A69EF6A81D94C75900DDF4BF /* Category */,
				A69EF6A91D94C75900DDF4BF /* Common */,
				A6CD98661D9504720062D379 /* Lib */,
				A69EF6AA1D94C76100DDF4BF /* Utils */,
				A69EF6781D93D3E700DDF4BF /* Main.storyboard */,
				A69EF67B1D93D3E700DDF4BF /* Assets.xcassets */,
				A69EF67D1D93D3E700DDF4BF /* LaunchScreen.storyboard */,
				A69EF6801D93D3E700DDF4BF /* Info.plist */,
				A69EF66F1D93D3E700DDF4BF /* Supporting Files */,
			);
			path = "GRObject-C-owner";
			sourceTree = "<group>";
		};
		A69EF66F1D93D3E700DDF4BF /* Supporting Files */ = {
			isa = PBXGroup;
			children = (
				A69EF6701D93D3E700DDF4BF /* main.m */,
			);
			name = "Supporting Files";
			sourceTree = "<group>";
		};
		A69EF6881D93D3E700DDF4BF /* GRObject-C-ownerTests */ = {
			isa = PBXGroup;
			children = (
				A69EF6891D93D3E700DDF4BF /* GRObject_C_ownerTests.m */,
				A69EF68B1D93D3E700DDF4BF /* Info.plist */,
			);
			path = "GRObject-C-ownerTests";
			sourceTree = "<group>";
		};
		A69EF6931D93D3E800DDF4BF /* GRObject-C-ownerUITests */ = {
			isa = PBXGroup;
			children = (
				A69EF6941D93D3E800DDF4BF /* GRObject_C_ownerUITests.m */,
				A69EF6961D93D3E800DDF4BF /* Info.plist */,
			);
			path = "GRObject-C-ownerUITests";
			sourceTree = "<group>";
		};
		A69EF6A81D94C75900DDF4BF /* Category */ = {
			isa = PBXGroup;
			children = (
				0080E4241EEE90E5001684E2 /* Swift extension */,
				A63586331DE98C4E000FD636 /* Category */,
				A62F887E1D9907B90094430A /* NSObject+JudgeNull.h */,
				A62F887F1D9907B90094430A /* NSObject+JudgeNull.m */,
				A69EF6B21D94D25000DDF4BF /* UIImage+Extension.h */,
				A69EF6B31D94D25000DDF4BF /* UIImage+Extension.m */,
				A6CD98721D9508ED0062D379 /* NSDate+Extension.h */,
				A6CD98731D9508ED0062D379 /* NSDate+Extension.m */,
				A6CD98741D9508ED0062D379 /* NSString+Extension.h */,
				A6CD98751D9508ED0062D379 /* NSString+Extension.m */,
				A6CD98761D9508ED0062D379 /* UIBarButtonItem+Extension.h */,
				A6CD98771D9508ED0062D379 /* UIBarButtonItem+Extension.m */,
				A6CD98781D9508ED0062D379 /* UIButton+Extension.h */,
				A6CD98791D9508ED0062D379 /* UIButton+Extension.m */,
				A6CD987A1D9508ED0062D379 /* UIColor+Extension.h */,
				A6CD987B1D9508ED0062D379 /* UIColor+Extension.m */,
				A6CD98811D9509020062D379 /* UIImageView+Extension.h */,
				A6CD98821D9509020062D379 /* UIImageView+Extension.m */,
				A6CD98831D9509020062D379 /* UILabel+Extension.h */,
				A6CD98841D9509020062D379 /* UILabel+Extension.m */,
				A6CD98851D9509020062D379 /* UIView+Extension.h */,
				A6CD98861D9509020062D379 /* UIView+Extension.m */,
				A6CD98871D9509020062D379 /* UIView+gesture.h */,
				A6CD98881D9509020062D379 /* UIView+gesture.m */,
			);
			path = Category;
			sourceTree = "<group>";
		};
		A69EF6A91D94C75900DDF4BF /* Common */ = {
			isa = PBXGroup;
			children = (
			);
			path = Common;
			sourceTree = "<group>";
		};
		A69EF6AA1D94C76100DDF4BF /* Utils */ = {
			isa = PBXGroup;
			children = (
				A6557EDE1DB9FE58006B1DEA /* GRJudgeVPN.h */,
				A6557EDF1DB9FE58006B1DEA /* GRJudgeVPN.m */,
				A69EF6AF1D94C94600DDF4BF /* SystemInfo.h */,
				A69EF6B01D94C94600DDF4BF /* SystemInfo.m */,
				A69EF6AC1D94C8C600DDF4BF /* GRLogger.h */,
				A69EF6AD1D94C8C600DDF4BF /* GRLogger.m */,
				A6CD988D1D9509E10062D379 /* LZContactsDataHelper.h */,
				A6CD988E1D9509E10062D379 /* LZContactsDataHelper.m */,
				A6CD988F1D9509E10062D379 /* LZDataBaseTool.h */,
				A6CD98901D9509E10062D379 /* LZDataBaseTool.m */,
				A6CD98911D9509E10062D379 /* LZTimeTool.h */,
				A6CD98921D9509E10062D379 /* LZTimeTool.m */,
			);
			path = Utils;
			sourceTree = "<group>";
		};
		A6CD98661D9504720062D379 /* Lib */ = {
			isa = PBXGroup;
			children = (
				A6CD98671D9504720062D379 /* RSA */,
			);
			path = Lib;
			sourceTree = "<group>";
		};
		A6CD98671D9504720062D379 /* RSA */ = {
			isa = PBXGroup;
			children = (
				A6CD98681D9504720062D379 /* CryptorTools.h */,
				A6CD98691D9504720062D379 /* CryptorTools.m */,
				A6CD986A1D9504720062D379 /* p.p12 */,
				A6CD986B1D9504720062D379 /* RSA.h */,
				A6CD986C1D9504720062D379 /* RSA.m */,
				A6CD986D1D9504720062D379 /* rsacert.der */,
			);
			path = RSA;
			sourceTree = "<group>";
		};
/* End PBXGroup section */

/* Begin PBXNativeTarget section */
		A69EF66B1D93D3E700DDF4BF /* GRObject-C-owner */ = {
			isa = PBXNativeTarget;
			buildConfigurationList = A69EF6991D93D3E800DDF4BF /* Build configuration list for PBXNativeTarget "GRObject-C-owner" */;
			buildPhases = (
				A69EF6681D93D3E700DDF4BF /* Sources */,
				A69EF6691D93D3E700DDF4BF /* Frameworks */,
				A69EF66A1D93D3E700DDF4BF /* Resources */,
			);
			buildRules = (
			);
			dependencies = (
			);
			name = "GRObject-C-owner";
			productName = "GRObject-C-owner";
			productReference = A69EF66C1D93D3E700DDF4BF /* GRObject-C-owner.app */;
			productType = "com.apple.product-type.application";
		};
		A69EF6841D93D3E700DDF4BF /* GRObject-C-ownerTests */ = {
			isa = PBXNativeTarget;
			buildConfigurationList = A69EF69C1D93D3E800DDF4BF /* Build configuration list for PBXNativeTarget "GRObject-C-ownerTests" */;
			buildPhases = (
				A69EF6811D93D3E700DDF4BF /* Sources */,
				A69EF6821D93D3E700DDF4BF /* Frameworks */,
				A69EF6831D93D3E700DDF4BF /* Resources */,
			);
			buildRules = (
			);
			dependencies = (
				A69EF6871D93D3E700DDF4BF /* PBXTargetDependency */,
			);
			name = "GRObject-C-ownerTests";
			productName = "GRObject-C-ownerTests";
			productReference = A69EF6851D93D3E700DDF4BF /* GRObject-C-ownerTests.xctest */;
			productType = "com.apple.product-type.bundle.unit-test";
		};
		A69EF68F1D93D3E800DDF4BF /* GRObject-C-ownerUITests */ = {
			isa = PBXNativeTarget;
			buildConfigurationList = A69EF69F1D93D3E800DDF4BF /* Build configuration list for PBXNativeTarget "GRObject-C-ownerUITests" */;
			buildPhases = (
				A69EF68C1D93D3E800DDF4BF /* Sources */,
				A69EF68D1D93D3E800DDF4BF /* Frameworks */,
				A69EF68E1D93D3E800DDF4BF /* Resources */,
			);
			buildRules = (
			);
			dependencies = (
				A69EF6921D93D3E800DDF4BF /* PBXTargetDependency */,
			);
			name = "GRObject-C-ownerUITests";
			productName = "GRObject-C-ownerUITests";
			productReference = A69EF6901D93D3E800DDF4BF /* GRObject-C-ownerUITests.xctest */;
			productType = "com.apple.product-type.bundle.ui-testing";
		};
/* End PBXNativeTarget section */

/* Begin PBXProject section */
		A69EF6641D93D3E700DDF4BF /* Project object */ = {
			isa = PBXProject;
			attributes = {
				CLASSPREFIX = GR;
				LastUpgradeCheck = 0800;
				ORGANIZATIONNAME = sen;
				TargetAttributes = {
					A69EF66B1D93D3E700DDF4BF = {
						CreatedOnToolsVersion = 8.0;
						DevelopmentTeam = 3ZG7RQH8M7;
						LastSwiftMigration = 0830;
						ProvisioningStyle = Automatic;
					};
					A69EF6841D93D3E700DDF4BF = {
						CreatedOnToolsVersion = 8.0;
						ProvisioningStyle = Automatic;
						TestTargetID = A69EF66B1D93D3E700DDF4BF;
					};
					A69EF68F1D93D3E800DDF4BF = {
						CreatedOnToolsVersion = 8.0;
						ProvisioningStyle = Automatic;
						TestTargetID = A69EF66B1D93D3E700DDF4BF;
					};
				};
			};
			buildConfigurationList = A69EF6671D93D3E700DDF4BF /* Build configuration list for PBXProject "GRObject-C-owner" */;
			compatibilityVersion = "Xcode 3.2";
			developmentRegion = English;
			hasScannedForEncodings = 0;
			knownRegions = (
				en,
				Base,
			);
			mainGroup = A69EF6631D93D3E700DDF4BF;
			productRefGroup = A69EF66D1D93D3E700DDF4BF /* Products */;
			projectDirPath = "";
			projectRoot = "";
			targets = (
				A69EF66B1D93D3E700DDF4BF /* GRObject-C-owner */,
				A69EF6841D93D3E700DDF4BF /* GRObject-C-ownerTests */,
				A69EF68F1D93D3E800DDF4BF /* GRObject-C-ownerUITests */,
			);
		};
/* End PBXProject section */

/* Begin PBXResourcesBuildPhase section */
		A69EF66A1D93D3E700DDF4BF /* Resources */ = {
			isa = PBXResourcesBuildPhase;
			buildActionMask = 2147483647;
			files = (
				A69EF67F1D93D3E700DDF4BF /* LaunchScreen.storyboard in Resources */,
				A69EF67C1D93D3E700DDF4BF /* Assets.xcassets in Resources */,
				A6CD986F1D9504720062D379 /* p.p12 in Resources */,
				A69EF67A1D93D3E700DDF4BF /* Main.storyboard in Resources */,
				A6CD98711D9504720062D379 /* rsacert.der in Resources */,
			);
			runOnlyForDeploymentPostprocessing = 0;
		};
		A69EF6831D93D3E700DDF4BF /* Resources */ = {
			isa = PBXResourcesBuildPhase;
			buildActionMask = 2147483647;
			files = (
			);
			runOnlyForDeploymentPostprocessing = 0;
		};
		A69EF68E1D93D3E800DDF4BF /* Resources */ = {
			isa = PBXResourcesBuildPhase;
			buildActionMask = 2147483647;
			files = (
			);
			runOnlyForDeploymentPostprocessing = 0;
		};
/* End PBXResourcesBuildPhase section */

/* Begin PBXSourcesBuildPhase section */
		A69EF6681D93D3E700DDF4BF /* Sources */ = {
			isa = PBXSourcesBuildPhase;
			buildActionMask = 2147483647;
			files = (
				A6CD986E1D9504720062D379 /* CryptorTools.m in Sources */,
				A6CD987F1D9508ED0062D379 /* UIButton+Extension.m in Sources */,
				A6CD98951D9509E10062D379 /* LZTimeTool.m in Sources */,
				A69EF6771D93D3E700DDF4BF /* ViewController.m in Sources */,
				A6CD988A1D9509020062D379 /* UILabel+Extension.m in Sources */,
				A69EF6741D93D3E700DDF4BF /* AppDelegate.m in Sources */,
				A69EF6AE1D94C8C600DDF4BF /* GRLogger.m in Sources */,
				A63586561DE98C4E000FD636 /* NSString+BXExtension.m in Sources */,
				A635865B1DE98C4E000FD636 /* UIFont+Extension.m in Sources */,
				A6557EE01DB9FE58006B1DEA /* GRJudgeVPN.m in Sources */,
				A63586591DE98C4E000FD636 /* UIButton+Extension.m in Sources */,
				A6CD98801D9508ED0062D379 /* UIColor+Extension.m in Sources */,
				A635865F1DE98C4E000FD636 /* UILabel+Extension.m in Sources */,
				A69EF6B41D94D25000DDF4BF /* UIImage+Extension.m in Sources */,
				A6CD987D1D9508ED0062D379 /* NSString+Extension.m in Sources */,
				A6CD98941D9509E10062D379 /* LZDataBaseTool.m in Sources */,
				A6CD98891D9509020062D379 /* UIImageView+Extension.m in Sources */,
				A63586631DE98C4E000FD636 /* UIView+Runtime.m in Sources */,
				A6CD98931D9509E10062D379 /* LZContactsDataHelper.m in Sources */,
				A63586611DE98C4E000FD636 /* UIView+Extension.m in Sources */,
				A6CD987E1D9508ED0062D379 /* UIBarButtonItem+Extension.m in Sources */,
				A63586621DE98C4E000FD636 /* UIView+IBExtension.m in Sources */,
				A69EF6B11D94C94600DDF4BF /* SystemInfo.m in Sources */,
				A63586601DE98C4E000FD636 /* UIScreen+Extension.m in Sources */,
				A6CD98701D9504720062D379 /* RSA.m in Sources */,
				A635865E1DE98C4E000FD636 /* UIImageView+BXExtension.m in Sources */,
				A69EF6711D93D3E700DDF4BF /* main.m in Sources */,
				A6CD988B1D9509020062D379 /* UIView+Extension.m in Sources */,
				A6CD988C1D9509020062D379 /* UIView+gesture.m in Sources */,
				A63586551DE98C4E000FD636 /* NSDate+Extension.m in Sources */,
				A63586571DE98C4E000FD636 /* UIApplication+Extensions.m in Sources */,
				A635865D1DE98C4E000FD636 /* UIImage+ScreenShot.m in Sources */,
				A62F88801D9907B90094430A /* NSObject+JudgeNull.m in Sources */,
				A635865C1DE98C4E000FD636 /* UIImage+Extension.m in Sources */,
				A63586581DE98C4E000FD636 /* UIBarButtonItem+Extension.m in Sources */,
				A635865A1DE98C4E000FD636 /* UIDevice+DeviceType.m in Sources */,
				0080E4271EEE9194001684E2 /* UIColor+Extension.swift in Sources */,
				A63586541DE98C4E000FD636 /* Foundation+Log.m in Sources */,
				A6CD987C1D9508ED0062D379 /* NSDate+Extension.m in Sources */,
			);
			runOnlyForDeploymentPostprocessing = 0;
		};
		A69EF6811D93D3E700DDF4BF /* Sources */ = {
			isa = PBXSourcesBuildPhase;
			buildActionMask = 2147483647;
			files = (
				A69EF68A1D93D3E700DDF4BF /* GRObject_C_ownerTests.m in Sources */,
			);
			runOnlyForDeploymentPostprocessing = 0;
		};
		A69EF68C1D93D3E800DDF4BF /* Sources */ = {
			isa = PBXSourcesBuildPhase;
			buildActionMask = 2147483647;
			files = (
				A69EF6951D93D3E800DDF4BF /* GRObject_C_ownerUITests.m in Sources */,
			);
			runOnlyForDeploymentPostprocessing = 0;
		};
/* End PBXSourcesBuildPhase section */

/* Begin PBXTargetDependency section */
		A69EF6871D93D3E700DDF4BF /* PBXTargetDependency */ = {
			isa = PBXTargetDependency;
			target = A69EF66B1D93D3E700DDF4BF /* GRObject-C-owner */;
			targetProxy = A69EF6861D93D3E700DDF4BF /* PBXContainerItemProxy */;
		};
		A69EF6921D93D3E800DDF4BF /* PBXTargetDependency */ = {
			isa = PBXTargetDependency;
			target = A69EF66B1D93D3E700DDF4BF /* GRObject-C-owner */;
			targetProxy = A69EF6911D93D3E800DDF4BF /* PBXContainerItemProxy */;
		};
/* End PBXTargetDependency section */

/* Begin PBXVariantGroup section */
		A69EF6781D93D3E700DDF4BF /* Main.storyboard */ = {
			isa = PBXVariantGroup;
			children = (
				A69EF6791D93D3E700DDF4BF /* Base */,
			);
			name = Main.storyboard;
			sourceTree = "<group>";
		};
		A69EF67D1D93D3E700DDF4BF /* LaunchScreen.storyboard */ = {
			isa = PBXVariantGroup;
			children = (
				A69EF67E1D93D3E700DDF4BF /* Base */,
			);
			name = LaunchScreen.storyboard;
			sourceTree = "<group>";
		};
/* End PBXVariantGroup section */

/* Begin XCBuildConfiguration section */
		A69EF6971D93D3E800DDF4BF /* Debug */ = {
			isa = XCBuildConfiguration;
			buildSettings = {
				ALWAYS_SEARCH_USER_PATHS = NO;
				CLANG_ANALYZER_NONNULL = YES;
				CLANG_CXX_LANGUAGE_STANDARD = "gnu++0x";
				CLANG_CXX_LIBRARY = "libc++";
				CLANG_ENABLE_MODULES = YES;
				CLANG_ENABLE_OBJC_ARC = YES;
				CLANG_WARN_BOOL_CONVERSION = YES;
				CLANG_WARN_CONSTANT_CONVERSION = YES;
				CLANG_WARN_DIRECT_OBJC_ISA_USAGE = YES_ERROR;
				CLANG_WARN_DOCUMENTATION_COMMENTS = YES;
				CLANG_WARN_EMPTY_BODY = YES;
				CLANG_WARN_ENUM_CONVERSION = YES;
				CLANG_WARN_INFINITE_RECURSION = YES;
				CLANG_WARN_INT_CONVERSION = YES;
				CLANG_WARN_OBJC_ROOT_CLASS = YES_ERROR;
				CLANG_WARN_SUSPICIOUS_MOVES = YES;
				CLANG_WARN_UNREACHABLE_CODE = YES;
				CLANG_WARN__DUPLICATE_METHOD_MATCH = YES;
				"CODE_SIGN_IDENTITY[sdk=iphoneos*]" = "iPhone Developer";
				COPY_PHASE_STRIP = NO;
				DEBUG_INFORMATION_FORMAT = dwarf;
				ENABLE_STRICT_OBJC_MSGSEND = YES;
				ENABLE_TESTABILITY = YES;
				GCC_C_LANGUAGE_STANDARD = gnu99;
				GCC_DYNAMIC_NO_PIC = NO;
				GCC_NO_COMMON_BLOCKS = YES;
				GCC_OPTIMIZATION_LEVEL = 0;
				GCC_PREPROCESSOR_DEFINITIONS = (
					"DEBUG=1",
					"$(inherited)",
				);
				GCC_WARN_64_TO_32_BIT_CONVERSION = YES;
				GCC_WARN_ABOUT_RETURN_TYPE = YES_ERROR;
				GCC_WARN_UNDECLARED_SELECTOR = YES;
				GCC_WARN_UNINITIALIZED_AUTOS = YES_AGGRESSIVE;
				GCC_WARN_UNUSED_FUNCTION = YES;
				GCC_WARN_UNUSED_VARIABLE = YES;
				IPHONEOS_DEPLOYMENT_TARGET = 10.0;
				MTL_ENABLE_DEBUG_INFO = YES;
				ONLY_ACTIVE_ARCH = YES;
				SDKROOT = iphoneos;
			};
			name = Debug;
		};
		A69EF6981D93D3E800DDF4BF /* Release */ = {
			isa = XCBuildConfiguration;
			buildSettings = {
				ALWAYS_SEARCH_USER_PATHS = NO;
				CLANG_ANALYZER_NONNULL = YES;
				CLANG_CXX_LANGUAGE_STANDARD = "gnu++0x";
				CLANG_CXX_LIBRARY = "libc++";
				CLANG_ENABLE_MODULES = YES;
				CLANG_ENABLE_OBJC_ARC = YES;
				CLANG_WARN_BOOL_CONVERSION = YES;
				CLANG_WARN_CONSTANT_CONVERSION = YES;
				CLANG_WARN_DIRECT_OBJC_ISA_USAGE = YES_ERROR;
				CLANG_WARN_DOCUMENTATION_COMMENTS = YES;
				CLANG_WARN_EMPTY_BODY = YES;
				CLANG_WARN_ENUM_CONVERSION = YES;
				CLANG_WARN_INFINITE_RECURSION = YES;
				CLANG_WARN_INT_CONVERSION = YES;
				CLANG_WARN_OBJC_ROOT_CLASS = YES_ERROR;
				CLANG_WARN_SUSPICIOUS_MOVES = YES;
				CLANG_WARN_UNREACHABLE_CODE = YES;
				CLANG_WARN__DUPLICATE_METHOD_MATCH = YES;
				"CODE_SIGN_IDENTITY[sdk=iphoneos*]" = "iPhone Developer";
				COPY_PHASE_STRIP = NO;
				DEBUG_INFORMATION_FORMAT = "dwarf-with-dsym";
				ENABLE_NS_ASSERTIONS = NO;
				ENABLE_STRICT_OBJC_MSGSEND = YES;
				GCC_C_LANGUAGE_STANDARD = gnu99;
				GCC_NO_COMMON_BLOCKS = YES;
				GCC_WARN_64_TO_32_BIT_CONVERSION = YES;
				GCC_WARN_ABOUT_RETURN_TYPE = YES_ERROR;
				GCC_WARN_UNDECLARED_SELECTOR = YES;
				GCC_WARN_UNINITIALIZED_AUTOS = YES_AGGRESSIVE;
				GCC_WARN_UNUSED_FUNCTION = YES;
				GCC_WARN_UNUSED_VARIABLE = YES;
				IPHONEOS_DEPLOYMENT_TARGET = 10.0;
				MTL_ENABLE_DEBUG_INFO = NO;
				SDKROOT = iphoneos;
				VALIDATE_PRODUCT = YES;
			};
			name = Release;
		};
		A69EF69A1D93D3E800DDF4BF /* Debug */ = {
			isa = XCBuildConfiguration;
			buildSettings = {
				ASSETCATALOG_COMPILER_APPICON_NAME = AppIcon;
				CLANG_ENABLE_MODULES = YES;
				DEFINES_MODULE = YES;
				DEVELOPMENT_TEAM = 3ZG7RQH8M7;
				GCC_PREFIX_HEADER = "$(SRCROOT)/GRObject-C-owner/PrefixHeader.pch";
				INFOPLIST_FILE = "GRObject-C-owner/Info.plist";
				IPHONEOS_DEPLOYMENT_TARGET = 9.0;
				LD_RUNPATH_SEARCH_PATHS = "$(inherited) @executable_path/Frameworks";
				PRODUCT_BUNDLE_IDENTIFIER = "sen.GRObject-C-owner";
				PRODUCT_NAME = "$(TARGET_NAME)";
				SWIFT_OBJC_BRIDGING_HEADER = "GRObject-C-owner/Category/GRObject-C-owner-Bridging-Header.h";
				SWIFT_OPTIMIZATION_LEVEL = "-Onone";
				SWIFT_VERSION = 3.0;
			};
			name = Debug;
		};
		A69EF69B1D93D3E800DDF4BF /* Release */ = {
			isa = XCBuildConfiguration;
			buildSettings = {
				ASSETCATALOG_COMPILER_APPICON_NAME = AppIcon;
				CLANG_ENABLE_MODULES = YES;
				DEFINES_MODULE = YES;
				DEVELOPMENT_TEAM = 3ZG7RQH8M7;
				GCC_PREFIX_HEADER = "$(SRCROOT)/GRObject-C-owner/PrefixHeader.pch";
				INFOPLIST_FILE = "GRObject-C-owner/Info.plist";
				IPHONEOS_DEPLOYMENT_TARGET = 9.0;
				LD_RUNPATH_SEARCH_PATHS = "$(inherited) @executable_path/Frameworks";
				PRODUCT_BUNDLE_IDENTIFIER = "sen.GRObject-C-owner";
				PRODUCT_NAME = "$(TARGET_NAME)";
				SWIFT_OBJC_BRIDGING_HEADER = "GRObject-C-owner/Category/GRObject-C-owner-Bridging-Header.h";
				SWIFT_VERSION = 3.0;
			};
			name = Release;
		};
		A69EF69D1D93D3E800DDF4BF /* Debug */ = {
			isa = XCBuildConfiguration;
			buildSettings = {
				ALWAYS_EMBED_SWIFT_STANDARD_LIBRARIES = YES;
				BUNDLE_LOADER = "$(TEST_HOST)";
				INFOPLIST_FILE = "GRObject-C-ownerTests/Info.plist";
				LD_RUNPATH_SEARCH_PATHS = "$(inherited) @executable_path/Frameworks @loader_path/Frameworks";
				PRODUCT_BUNDLE_IDENTIFIER = "sen.GRObject-C-ownerTests";
				PRODUCT_NAME = "$(TARGET_NAME)";
				TEST_HOST = "$(BUILT_PRODUCTS_DIR)/GRObject-C-owner.app/GRObject-C-owner";
			};
			name = Debug;
		};
		A69EF69E1D93D3E800DDF4BF /* Release */ = {
			isa = XCBuildConfiguration;
			buildSettings = {
				ALWAYS_EMBED_SWIFT_STANDARD_LIBRARIES = YES;
				BUNDLE_LOADER = "$(TEST_HOST)";
				INFOPLIST_FILE = "GRObject-C-ownerTests/Info.plist";
				LD_RUNPATH_SEARCH_PATHS = "$(inherited) @executable_path/Frameworks @loader_path/Frameworks";
				PRODUCT_BUNDLE_IDENTIFIER = "sen.GRObject-C-ownerTests";
				PRODUCT_NAME = "$(TARGET_NAME)";
				TEST_HOST = "$(BUILT_PRODUCTS_DIR)/GRObject-C-owner.app/GRObject-C-owner";
			};
			name = Release;
		};
		A69EF6A01D93D3E800DDF4BF /* Debug */ = {
			isa = XCBuildConfiguration;
			buildSettings = {
				ALWAYS_EMBED_SWIFT_STANDARD_LIBRARIES = YES;
				INFOPLIST_FILE = "GRObject-C-ownerUITests/Info.plist";
				LD_RUNPATH_SEARCH_PATHS = "$(inherited) @executable_path/Frameworks @loader_path/Frameworks";
				PRODUCT_BUNDLE_IDENTIFIER = "sen.GRObject-C-ownerUITests";
				PRODUCT_NAME = "$(TARGET_NAME)";
				TEST_TARGET_NAME = "GRObject-C-owner";
			};
			name = Debug;
		};
		A69EF6A11D93D3E800DDF4BF /* Release */ = {
			isa = XCBuildConfiguration;
			buildSettings = {
				ALWAYS_EMBED_SWIFT_STANDARD_LIBRARIES = YES;
				INFOPLIST_FILE = "GRObject-C-ownerUITests/Info.plist";
				LD_RUNPATH_SEARCH_PATHS = "$(inherited) @executable_path/Frameworks @loader_path/Frameworks";
				PRODUCT_BUNDLE_IDENTIFIER = "sen.GRObject-C-ownerUITests";
				PRODUCT_NAME = "$(TARGET_NAME)";
				TEST_TARGET_NAME = "GRObject-C-owner";
			};
			name = Release;
		};
/* End XCBuildConfiguration section */

/* Begin XCConfigurationList section */
		A69EF6671D93D3E700DDF4BF /* Build configuration list for PBXProject "GRObject-C-owner" */ = {
			isa = XCConfigurationList;
			buildConfigurations = (
				A69EF6971D93D3E800DDF4BF /* Debug */,
				A69EF6981D93D3E800DDF4BF /* Release */,
			);
			defaultConfigurationIsVisible = 0;
			defaultConfigurationName = Release;
		};
		A69EF6991D93D3E800DDF4BF /* Build configuration list for PBXNativeTarget "GRObject-C-owner" */ = {
			isa = XCConfigurationList;
			buildConfigurations = (
				A69EF69A1D93D3E800DDF4BF /* Debug */,
				A69EF69B1D93D3E800DDF4BF /* Release */,
			);
			defaultConfigurationIsVisible = 0;
			defaultConfigurationName = Release;
		};
		A69EF69C1D93D3E800DDF4BF /* Build configuration list for PBXNativeTarget "GRObject-C-ownerTests" */ = {
			isa = XCConfigurationList;
			buildConfigurations = (
				A69EF69D1D93D3E800DDF4BF /* Debug */,
				A69EF69E1D93D3E800DDF4BF /* Release */,
			);
			defaultConfigurationIsVisible = 0;
			defaultConfigurationName = Release;
		};
		A69EF69F1D93D3E800DDF4BF /* Build configuration list for PBXNativeTarget "GRObject-C-ownerUITests" */ = {
			isa = XCConfigurationList;
			buildConfigurations = (
				A69EF6A01D93D3E800DDF4BF /* Debug */,
				A69EF6A11D93D3E800DDF4BF /* Release */,
			);
			defaultConfigurationIsVisible = 0;
			defaultConfigurationName = Release;
		};
/* End XCConfigurationList section */
	};
	rootObject = A69EF6641D93D3E700DDF4BF /* Project object */;
}
